
Microsoft Visual Studio Solution File, Format Version 12.00
# Visual Studio Version 17
VisualStudioVersion = 17.10.34928.147
MinimumVisualStudioVersion = 10.0.40219.1
Project("{FAE04EC0-301F-11D3-BF4B-00C04F79EFBC}") = "InheritanceCS", "InheritanceCS\InheritanceCS.csproj", "{C7F5A36F-316D-4A8E-8EC5-E9565AE61237}"
EndProject
Project("{FAE04EC0-301F-11D3-BF4B-00C04F79EFBC}") = "Academy", "Academy\Academy.csproj", "{0AB82BF0-8F42-46CD-AA89-E07AC1CA9D3C}"
EndProject
Project("{FAE04EC0-301F-11D3-BF4B-00C04F79EFBC}") = "File", "File\File.csproj", "{AA1768A4-15C0-4A78-98C5-07B8D5784AA4}"
EndProject
Global
	GlobalSection(SolutionConfigurationPlatforms) = preSolution
		Debug|Any CPU = Debug|Any CPU
		Release|Any CPU = Release|Any CPU
	EndGlobalSection
	GlobalSection(ProjectConfigurationPlatforms) = postSolution
		{C7F5A36F-316D-4A8E-8EC5-E9565AE61237}.Debug|Any CPU.ActiveCfg = Debug|Any CPU
		{C7F5A36F-316D-4A8E-8EC5-E9565AE61237}.Debug|Any CPU.Build.0 = Debug|Any CPU
		{C7F5A36F-316D-4A8E-8EC5-E9565AE61237}.Release|Any CPU.ActiveCfg = Release|Any CPU
		{C7F5A36F-316D-4A8E-8EC5-E9565AE61237}.Release|Any CPU.Build.0 = Release|Any CPU
		{0AB82BF0-8F42-46CD-AA89-E07AC1CA9D3C}.Debug|Any CPU.ActiveCfg = Debug|Any CPU
		{0AB82BF0-8F42-46CD-AA89-E07AC1CA9D3C}.Debug|Any CPU.Build.0 = Debug|Any CPU
		{0AB82BF0-8F42-46CD-AA89-E07AC1CA9D3C}.Release|Any CPU.ActiveCfg = Release|Any CPU
		{0AB82BF0-8F42-46CD-AA89-E07AC1CA9D3C}.Release|Any CPU.Build.0 = Release|Any CPU
		{AA1768A4-15C0-4A78-98C5-07B8D5784AA4}.Debug|Any CPU.ActiveCfg = Debug|Any CPU
		{AA1768A4-15C0-4A78-98C5-07B8D5784AA4}.Debug|Any CPU.Build.0 = Debug|Any CPU
		{AA1768A4-15C0-4A78-98C5-07B8D5784AA4}.Release|Any CPU.ActiveCfg = Release|Any CPU
		{AA1768A4-15C0-4A78-98C5-07B8D5784AA4}.Release|Any CPU.Build.0 = Release|Any CPU
	EndGlobalSection
	GlobalSection(SolutionProperties) = preSolution
		HideSolutionNode = FALSE
	EndGlobalSection
	GlobalSection(ExtensibilityGlobals) = postSolution
		SolutionGuid = {30ED6DFC-0AC0-45E6-90FE-9933C1029181}
	EndGlobalSection
EndGlobal
